// !$*UTF8*$!
{
	archiveVersion = 1;
	classes = {
	};
	objectVersion = 50;
	objects = {

/* Begin PBXBuildFile section */
		5BEE71A0D3AFA5708832D4E7 /* Pods_RappiMovies.framework in Frameworks */ = {isa = PBXBuildFile; fileRef = 9F35711B3A6A5470A00F420E /* Pods_RappiMovies.framework */; };
		7798E3C021838188002AE2E8 /* AppDelegate.swift in Sources */ = {isa = PBXBuildFile; fileRef = 7798E3BF21838188002AE2E8 /* AppDelegate.swift */; };
		7798E3C221838188002AE2E8 /* ViewController.swift in Sources */ = {isa = PBXBuildFile; fileRef = 7798E3C121838188002AE2E8 /* ViewController.swift */; };
		7798E3C521838189002AE2E8 /* Main.storyboard in Resources */ = {isa = PBXBuildFile; fileRef = 7798E3C321838188002AE2E8 /* Main.storyboard */; };
		7798E3C821838189002AE2E8 /* RappiMovies.xcdatamodeld in Sources */ = {isa = PBXBuildFile; fileRef = 7798E3C621838189002AE2E8 /* RappiMovies.xcdatamodeld */; };
		7798E3CA2183818E002AE2E8 /* Assets.xcassets in Resources */ = {isa = PBXBuildFile; fileRef = 7798E3C92183818E002AE2E8 /* Assets.xcassets */; };
		7798E3CD2183818E002AE2E8 /* LaunchScreen.storyboard in Resources */ = {isa = PBXBuildFile; fileRef = 7798E3CB2183818E002AE2E8 /* LaunchScreen.storyboard */; };
		7798E3D82183818E002AE2E8 /* RappiMoviesTests.swift in Sources */ = {isa = PBXBuildFile; fileRef = 7798E3D72183818E002AE2E8 /* RappiMoviesTests.swift */; };
		7798E3E421839357002AE2E8 /* MovieAbstract.swift in Sources */ = {isa = PBXBuildFile; fileRef = 7798E3E321839357002AE2E8 /* MovieAbstract.swift */; };
		7798E3E521839357002AE2E8 /* MovieAbstract.swift in Sources */ = {isa = PBXBuildFile; fileRef = 7798E3E321839357002AE2E8 /* MovieAbstract.swift */; };
		7798E3E72183A2DB002AE2E8 /* TMDBConfiguration.swift in Sources */ = {isa = PBXBuildFile; fileRef = 7798E3E62183A2DB002AE2E8 /* TMDBConfiguration.swift */; };
		7798E3E82183A2DB002AE2E8 /* TMDBConfiguration.swift in Sources */ = {isa = PBXBuildFile; fileRef = 7798E3E62183A2DB002AE2E8 /* TMDBConfiguration.swift */; };
		7798E3EC2183A598002AE2E8 /* JSONNetworkClient.swift in Sources */ = {isa = PBXBuildFile; fileRef = 7798E3EA2183A598002AE2E8 /* JSONNetworkClient.swift */; };
		7798E3ED2183A598002AE2E8 /* JSONNetworkClient.swift in Sources */ = {isa = PBXBuildFile; fileRef = 7798E3EA2183A598002AE2E8 /* JSONNetworkClient.swift */; };
		7798E3EE2183A598002AE2E8 /* NetworkClient.swift in Sources */ = {isa = PBXBuildFile; fileRef = 7798E3EB2183A598002AE2E8 /* NetworkClient.swift */; };
		7798E3EF2183A598002AE2E8 /* NetworkClient.swift in Sources */ = {isa = PBXBuildFile; fileRef = 7798E3EB2183A598002AE2E8 /* NetworkClient.swift */; };
		7798E3F12183A5F1002AE2E8 /* URLRequestHandler.swift in Sources */ = {isa = PBXBuildFile; fileRef = 7798E3F02183A5F1002AE2E8 /* URLRequestHandler.swift */; };
		7798E3F22183A5F1002AE2E8 /* URLRequestHandler.swift in Sources */ = {isa = PBXBuildFile; fileRef = 7798E3F02183A5F1002AE2E8 /* URLRequestHandler.swift */; };
		7798E3F52183A810002AE2E8 /* JSONNetworkClientTests.swift in Sources */ = {isa = PBXBuildFile; fileRef = 7798E3F42183A810002AE2E8 /* JSONNetworkClientTests.swift */; };
		7798E3F82183A8E1002AE2E8 /* ConfigurationTestRequestHandler.swift in Sources */ = {isa = PBXBuildFile; fileRef = 7798E3F72183A8E1002AE2E8 /* ConfigurationTestRequestHandler.swift */; };
		7798E3FA2183BE34002AE2E8 /* MovieAbstractTestRequestHandler.swift in Sources */ = {isa = PBXBuildFile; fileRef = 7798E3F92183BE34002AE2E8 /* MovieAbstractTestRequestHandler.swift */; };
		7798E3FD2183D6D6002AE2E8 /* TMDBURLProviderProtocol.swift in Sources */ = {isa = PBXBuildFile; fileRef = 7798E3FC2183D6D6002AE2E8 /* TMDBURLProviderProtocol.swift */; };
		7798E3FE2183D6D6002AE2E8 /* TMDBURLProviderProtocol.swift in Sources */ = {isa = PBXBuildFile; fileRef = 7798E3FC2183D6D6002AE2E8 /* TMDBURLProviderProtocol.swift */; };
		7798E4022183D848002AE2E8 /* TMDBURLProvider.swift in Sources */ = {isa = PBXBuildFile; fileRef = 7798E4012183D848002AE2E8 /* TMDBURLProvider.swift */; };
		7798E4032183D848002AE2E8 /* TMDBURLProvider.swift in Sources */ = {isa = PBXBuildFile; fileRef = 7798E4012183D848002AE2E8 /* TMDBURLProvider.swift */; };
		7798E4072183DED3002AE2E8 /* TMDBURLProviderTests.swift in Sources */ = {isa = PBXBuildFile; fileRef = 7798E4062183DED3002AE2E8 /* TMDBURLProviderTests.swift */; };
		7798E4092183EA35002AE2E8 /* TMDBConfigurationService.swift in Sources */ = {isa = PBXBuildFile; fileRef = 7798E4082183EA35002AE2E8 /* TMDBConfigurationService.swift */; };
		7798E40D2183F06C002AE2E8 /* TMDBApiConfigurationFetcher.swift in Sources */ = {isa = PBXBuildFile; fileRef = 7798E40C2183F06C002AE2E8 /* TMDBApiConfigurationFetcher.swift */; };
		7798E4102183F0E1002AE2E8 /* NetworkFetcher.swift in Sources */ = {isa = PBXBuildFile; fileRef = 7798E40F2183F0E1002AE2E8 /* NetworkFetcher.swift */; };
		7798E4172184D8A1002AE2E8 /* Result.swift in Sources */ = {isa = PBXBuildFile; fileRef = 7798E4162184D8A1002AE2E8 /* Result.swift */; };
		7798E4182184D8A1002AE2E8 /* Result.swift in Sources */ = {isa = PBXBuildFile; fileRef = 7798E4162184D8A1002AE2E8 /* Result.swift */; };
		7798E41B2184D9EC002AE2E8 /* Service.swift in Sources */ = {isa = PBXBuildFile; fileRef = 7798E41A2184D9EC002AE2E8 /* Service.swift */; };
		7798E41C2184D9EC002AE2E8 /* Service.swift in Sources */ = {isa = PBXBuildFile; fileRef = 7798E41A2184D9EC002AE2E8 /* Service.swift */; };
		7798E4212184E364002AE2E8 /* PersistanceFetcher.swift in Sources */ = {isa = PBXBuildFile; fileRef = 7798E4202184E364002AE2E8 /* PersistanceFetcher.swift */; };
		7798E4222184E364002AE2E8 /* PersistanceFetcher.swift in Sources */ = {isa = PBXBuildFile; fileRef = 7798E4202184E364002AE2E8 /* PersistanceFetcher.swift */; };
		7798E4262184E5A1002AE2E8 /* ModelArchiver.swift in Sources */ = {isa = PBXBuildFile; fileRef = 7798E4252184E5A1002AE2E8 /* ModelArchiver.swift */; };
		7798E4272184E5A1002AE2E8 /* ModelArchiver.swift in Sources */ = {isa = PBXBuildFile; fileRef = 7798E4252184E5A1002AE2E8 /* ModelArchiver.swift */; };
		7798E42A2184E9FD002AE2E8 /* ArchivableModelWrapper.swift in Sources */ = {isa = PBXBuildFile; fileRef = 7798E4292184E9FD002AE2E8 /* ArchivableModelWrapper.swift */; };
		7798E42B2184E9FD002AE2E8 /* ArchivableModelWrapper.swift in Sources */ = {isa = PBXBuildFile; fileRef = 7798E4292184E9FD002AE2E8 /* ArchivableModelWrapper.swift */; };
		7798E42E2184FB83002AE2E8 /* ModelFileManager.swift in Sources */ = {isa = PBXBuildFile; fileRef = 7798E42D2184FB83002AE2E8 /* ModelFileManager.swift */; };
		7798E42F2184FB83002AE2E8 /* ModelFileManager.swift in Sources */ = {isa = PBXBuildFile; fileRef = 7798E42D2184FB83002AE2E8 /* ModelFileManager.swift */; };
		7798E43121861C04002AE2E8 /* TMDBPersistanceConfigurationFetcher.swift in Sources */ = {isa = PBXBuildFile; fileRef = 7798E43021861C04002AE2E8 /* TMDBPersistanceConfigurationFetcher.swift */; };
		7798E43221861C04002AE2E8 /* TMDBPersistanceConfigurationFetcher.swift in Sources */ = {isa = PBXBuildFile; fileRef = 7798E43021861C04002AE2E8 /* TMDBPersistanceConfigurationFetcher.swift */; };
/* End PBXBuildFile section */

/* Begin PBXContainerItemProxy section */
		7798E3D42183818E002AE2E8 /* PBXContainerItemProxy */ = {
			isa = PBXContainerItemProxy;
			containerPortal = 7798E3B421838188002AE2E8 /* Project object */;
			proxyType = 1;
			remoteGlobalIDString = 7798E3BB21838188002AE2E8;
			remoteInfo = RappiMovies;
		};
/* End PBXContainerItemProxy section */

/* Begin PBXFileReference section */
		3237923B3956AA4A32D53F45 /* Pods-RappiMovies.release.xcconfig */ = {isa = PBXFileReference; includeInIndex = 1; lastKnownFileType = text.xcconfig; name = "Pods-RappiMovies.release.xcconfig"; path = "Pods/Target Support Files/Pods-RappiMovies/Pods-RappiMovies.release.xcconfig"; sourceTree = "<group>"; };
		7798E3BC21838188002AE2E8 /* RappiMovies.app */ = {isa = PBXFileReference; explicitFileType = wrapper.application; includeInIndex = 0; path = RappiMovies.app; sourceTree = BUILT_PRODUCTS_DIR; };
		7798E3BF21838188002AE2E8 /* AppDelegate.swift */ = {isa = PBXFileReference; lastKnownFileType = sourcecode.swift; path = AppDelegate.swift; sourceTree = "<group>"; };
		7798E3C121838188002AE2E8 /* ViewController.swift */ = {isa = PBXFileReference; lastKnownFileType = sourcecode.swift; path = ViewController.swift; sourceTree = "<group>"; };
		7798E3C421838188002AE2E8 /* Base */ = {isa = PBXFileReference; lastKnownFileType = file.storyboard; name = Base; path = Base.lproj/Main.storyboard; sourceTree = "<group>"; };
		7798E3C721838189002AE2E8 /* RappiMovies.xcdatamodel */ = {isa = PBXFileReference; lastKnownFileType = wrapper.xcdatamodel; path = RappiMovies.xcdatamodel; sourceTree = "<group>"; };
		7798E3C92183818E002AE2E8 /* Assets.xcassets */ = {isa = PBXFileReference; lastKnownFileType = folder.assetcatalog; path = Assets.xcassets; sourceTree = "<group>"; };
		7798E3CC2183818E002AE2E8 /* Base */ = {isa = PBXFileReference; lastKnownFileType = file.storyboard; name = Base; path = Base.lproj/LaunchScreen.storyboard; sourceTree = "<group>"; };
		7798E3CE2183818E002AE2E8 /* Info.plist */ = {isa = PBXFileReference; lastKnownFileType = text.plist.xml; path = Info.plist; sourceTree = "<group>"; };
		7798E3D32183818E002AE2E8 /* RappiMoviesTests.xctest */ = {isa = PBXFileReference; explicitFileType = wrapper.cfbundle; includeInIndex = 0; path = RappiMoviesTests.xctest; sourceTree = BUILT_PRODUCTS_DIR; };
		7798E3D72183818E002AE2E8 /* RappiMoviesTests.swift */ = {isa = PBXFileReference; lastKnownFileType = sourcecode.swift; path = RappiMoviesTests.swift; sourceTree = "<group>"; };
		7798E3D92183818E002AE2E8 /* Info.plist */ = {isa = PBXFileReference; lastKnownFileType = text.plist.xml; path = Info.plist; sourceTree = "<group>"; };
		7798E3E321839357002AE2E8 /* MovieAbstract.swift */ = {isa = PBXFileReference; lastKnownFileType = sourcecode.swift; path = MovieAbstract.swift; sourceTree = "<group>"; };
		7798E3E62183A2DB002AE2E8 /* TMDBConfiguration.swift */ = {isa = PBXFileReference; lastKnownFileType = sourcecode.swift; path = TMDBConfiguration.swift; sourceTree = "<group>"; };
		7798E3EA2183A598002AE2E8 /* JSONNetworkClient.swift */ = {isa = PBXFileReference; fileEncoding = 4; lastKnownFileType = sourcecode.swift; path = JSONNetworkClient.swift; sourceTree = "<group>"; };
		7798E3EB2183A598002AE2E8 /* NetworkClient.swift */ = {isa = PBXFileReference; fileEncoding = 4; lastKnownFileType = sourcecode.swift; path = NetworkClient.swift; sourceTree = "<group>"; };
		7798E3F02183A5F1002AE2E8 /* URLRequestHandler.swift */ = {isa = PBXFileReference; fileEncoding = 4; lastKnownFileType = sourcecode.swift; path = URLRequestHandler.swift; sourceTree = "<group>"; };
		7798E3F42183A810002AE2E8 /* JSONNetworkClientTests.swift */ = {isa = PBXFileReference; lastKnownFileType = sourcecode.swift; path = JSONNetworkClientTests.swift; sourceTree = "<group>"; };
		7798E3F72183A8E1002AE2E8 /* ConfigurationTestRequestHandler.swift */ = {isa = PBXFileReference; lastKnownFileType = sourcecode.swift; path = ConfigurationTestRequestHandler.swift; sourceTree = "<group>"; };
		7798E3F92183BE34002AE2E8 /* MovieAbstractTestRequestHandler.swift */ = {isa = PBXFileReference; lastKnownFileType = sourcecode.swift; path = MovieAbstractTestRequestHandler.swift; sourceTree = "<group>"; };
		7798E3FC2183D6D6002AE2E8 /* TMDBURLProviderProtocol.swift */ = {isa = PBXFileReference; lastKnownFileType = sourcecode.swift; path = TMDBURLProviderProtocol.swift; sourceTree = "<group>"; };
		7798E4012183D848002AE2E8 /* TMDBURLProvider.swift */ = {isa = PBXFileReference; lastKnownFileType = sourcecode.swift; path = TMDBURLProvider.swift; sourceTree = "<group>"; };
		7798E4062183DED3002AE2E8 /* TMDBURLProviderTests.swift */ = {isa = PBXFileReference; lastKnownFileType = sourcecode.swift; path = TMDBURLProviderTests.swift; sourceTree = "<group>"; };
		7798E4082183EA35002AE2E8 /* TMDBConfigurationService.swift */ = {isa = PBXFileReference; lastKnownFileType = sourcecode.swift; path = TMDBConfigurationService.swift; sourceTree = "<group>"; };
		7798E40C2183F06C002AE2E8 /* TMDBApiConfigurationFetcher.swift */ = {isa = PBXFileReference; lastKnownFileType = sourcecode.swift; path = TMDBApiConfigurationFetcher.swift; sourceTree = "<group>"; };
		7798E40F2183F0E1002AE2E8 /* NetworkFetcher.swift */ = {isa = PBXFileReference; lastKnownFileType = sourcecode.swift; path = NetworkFetcher.swift; sourceTree = "<group>"; };
		7798E4162184D8A1002AE2E8 /* Result.swift */ = {isa = PBXFileReference; lastKnownFileType = sourcecode.swift; path = Result.swift; sourceTree = "<group>"; };
		7798E41A2184D9EC002AE2E8 /* Service.swift */ = {isa = PBXFileReference; lastKnownFileType = sourcecode.swift; path = Service.swift; sourceTree = "<group>"; };
		7798E4202184E364002AE2E8 /* PersistanceFetcher.swift */ = {isa = PBXFileReference; lastKnownFileType = sourcecode.swift; path = PersistanceFetcher.swift; sourceTree = "<group>"; };
		7798E4252184E5A1002AE2E8 /* ModelArchiver.swift */ = {isa = PBXFileReference; lastKnownFileType = sourcecode.swift; path = ModelArchiver.swift; sourceTree = "<group>"; };
		7798E4292184E9FD002AE2E8 /* ArchivableModelWrapper.swift */ = {isa = PBXFileReference; lastKnownFileType = sourcecode.swift; path = ArchivableModelWrapper.swift; sourceTree = "<group>"; };
		7798E42D2184FB83002AE2E8 /* ModelFileManager.swift */ = {isa = PBXFileReference; lastKnownFileType = sourcecode.swift; path = ModelFileManager.swift; sourceTree = "<group>"; };
		7798E43021861C04002AE2E8 /* TMDBPersistanceConfigurationFetcher.swift */ = {isa = PBXFileReference; lastKnownFileType = sourcecode.swift; path = TMDBPersistanceConfigurationFetcher.swift; sourceTree = "<group>"; };
		9F35711B3A6A5470A00F420E /* Pods_RappiMovies.framework */ = {isa = PBXFileReference; explicitFileType = wrapper.framework; includeInIndex = 0; path = Pods_RappiMovies.framework; sourceTree = BUILT_PRODUCTS_DIR; };
		A31D90735369B185B3B1CDAF /* Pods-RappiMovies.debug.xcconfig */ = {isa = PBXFileReference; includeInIndex = 1; lastKnownFileType = text.xcconfig; name = "Pods-RappiMovies.debug.xcconfig"; path = "Pods/Target Support Files/Pods-RappiMovies/Pods-RappiMovies.debug.xcconfig"; sourceTree = "<group>"; };
/* End PBXFileReference section */

/* Begin PBXFrameworksBuildPhase section */
		7798E3B921838188002AE2E8 /* Frameworks */ = {
			isa = PBXFrameworksBuildPhase;
			buildActionMask = 2147483647;
			files = (
				5BEE71A0D3AFA5708832D4E7 /* Pods_RappiMovies.framework in Frameworks */,
			);
			runOnlyForDeploymentPostprocessing = 0;
		};
		7798E3D02183818E002AE2E8 /* Frameworks */ = {
			isa = PBXFrameworksBuildPhase;
			buildActionMask = 2147483647;
			files = (
			);
			runOnlyForDeploymentPostprocessing = 0;
		};
/* End PBXFrameworksBuildPhase section */

/* Begin PBXGroup section */
		7798E3B321838188002AE2E8 = {
			isa = PBXGroup;
			children = (
				7798E3BE21838188002AE2E8 /* RappiMovies */,
				7798E3D62183818E002AE2E8 /* RappiMoviesTests */,
				7798E3BD21838188002AE2E8 /* Products */,
				8C8B3A295B37B16E105BA699 /* Pods */,
				D3146E49341C5212CC3E5F08 /* Frameworks */,
			);
			sourceTree = "<group>";
		};
		7798E3BD21838188002AE2E8 /* Products */ = {
			isa = PBXGroup;
			children = (
				7798E3BC21838188002AE2E8 /* RappiMovies.app */,
				7798E3D32183818E002AE2E8 /* RappiMoviesTests.xctest */,
			);
			name = Products;
			sourceTree = "<group>";
		};
		7798E3BE21838188002AE2E8 /* RappiMovies */ = {
			isa = PBXGroup;
			children = (
				7798E4232184E4F1002AE2E8 /* Persistance */,
				7798E41D2184E159002AE2E8 /* Fetchers */,
				7798E3FF2183D7AC002AE2E8 /* Helpers */,
				7798E3FB2183CA53002AE2E8 /* Services */,
				7798E3E92183A51A002AE2E8 /* Network */,
				7798E3E2218392A1002AE2E8 /* Models */,
				7798E3BF21838188002AE2E8 /* AppDelegate.swift */,
				7798E3C121838188002AE2E8 /* ViewController.swift */,
				7798E3C321838188002AE2E8 /* Main.storyboard */,
				7798E3C92183818E002AE2E8 /* Assets.xcassets */,
				7798E3CB2183818E002AE2E8 /* LaunchScreen.storyboard */,
				7798E3CE2183818E002AE2E8 /* Info.plist */,
				7798E3C621838189002AE2E8 /* RappiMovies.xcdatamodeld */,
			);
			path = RappiMovies;
			sourceTree = "<group>";
		};
		7798E3D62183818E002AE2E8 /* RappiMoviesTests */ = {
			isa = PBXGroup;
			children = (
				7798E4042183DB7C002AE2E8 /* HelpersTests */,
				7798E3F62183A8AD002AE2E8 /* Mocks */,
				7798E3F32183A729002AE2E8 /* NetworkTests */,
				7798E3D72183818E002AE2E8 /* RappiMoviesTests.swift */,
				7798E3D92183818E002AE2E8 /* Info.plist */,
			);
			path = RappiMoviesTests;
			sourceTree = "<group>";
		};
		7798E3E2218392A1002AE2E8 /* Models */ = {
			isa = PBXGroup;
			children = (
				7798E3E321839357002AE2E8 /* MovieAbstract.swift */,
				7798E3E62183A2DB002AE2E8 /* TMDBConfiguration.swift */,
			);
			path = Models;
			sourceTree = "<group>";
		};
		7798E3E92183A51A002AE2E8 /* Network */ = {
			isa = PBXGroup;
			children = (
				7798E3EA2183A598002AE2E8 /* JSONNetworkClient.swift */,
				7798E3EB2183A598002AE2E8 /* NetworkClient.swift */,
				7798E3F02183A5F1002AE2E8 /* URLRequestHandler.swift */,
			);
			path = Network;
			sourceTree = "<group>";
		};
		7798E3F32183A729002AE2E8 /* NetworkTests */ = {
			isa = PBXGroup;
			children = (
				7798E3F42183A810002AE2E8 /* JSONNetworkClientTests.swift */,
			);
			path = NetworkTests;
			sourceTree = "<group>";
		};
		7798E3F62183A8AD002AE2E8 /* Mocks */ = {
			isa = PBXGroup;
			children = (
				7798E3F72183A8E1002AE2E8 /* ConfigurationTestRequestHandler.swift */,
				7798E3F92183BE34002AE2E8 /* MovieAbstractTestRequestHandler.swift */,
			);
			path = Mocks;
			sourceTree = "<group>";
		};
		7798E3FB2183CA53002AE2E8 /* Services */ = {
			isa = PBXGroup;
			children = (
				7798E4192184D9C3002AE2E8 /* Protocol */,
				7798E4082183EA35002AE2E8 /* TMDBConfigurationService.swift */,
			);
			path = Services;
			sourceTree = "<group>";
		};
		7798E3FF2183D7AC002AE2E8 /* Helpers */ = {
			isa = PBXGroup;
			children = (
				7798E4152184D878002AE2E8 /* Enums */,
				7798E4002183D7BC002AE2E8 /* URL */,
			);
			path = Helpers;
			sourceTree = "<group>";
		};
		7798E4002183D7BC002AE2E8 /* URL */ = {
			isa = PBXGroup;
			children = (
				7798E3FC2183D6D6002AE2E8 /* TMDBURLProviderProtocol.swift */,
				7798E4012183D848002AE2E8 /* TMDBURLProvider.swift */,
			);
			path = URL;
			sourceTree = "<group>";
		};
		7798E4042183DB7C002AE2E8 /* HelpersTests */ = {
			isa = PBXGroup;
			children = (
				7798E4052183DB89002AE2E8 /* URLTests */,
			);
			path = HelpersTests;
			sourceTree = "<group>";
		};
		7798E4052183DB89002AE2E8 /* URLTests */ = {
			isa = PBXGroup;
			children = (
				7798E4062183DED3002AE2E8 /* TMDBURLProviderTests.swift */,
			);
			path = URLTests;
			sourceTree = "<group>";
		};
		7798E40A2183ECFE002AE2E8 /* NetworkFetchers */ = {
			isa = PBXGroup;
			children = (
				7798E40E2183F0C3002AE2E8 /* Protocol */,
				7798E40C2183F06C002AE2E8 /* TMDBApiConfigurationFetcher.swift */,
			);
			path = NetworkFetchers;
			sourceTree = "<group>";
		};
		7798E40E2183F0C3002AE2E8 /* Protocol */ = {
			isa = PBXGroup;
			children = (
				7798E40F2183F0E1002AE2E8 /* NetworkFetcher.swift */,
			);
			path = Protocol;
			sourceTree = "<group>";
		};
		7798E4152184D878002AE2E8 /* Enums */ = {
			isa = PBXGroup;
			children = (
				7798E4162184D8A1002AE2E8 /* Result.swift */,
			);
			path = Enums;
			sourceTree = "<group>";
		};
		7798E4192184D9C3002AE2E8 /* Protocol */ = {
			isa = PBXGroup;
			children = (
				7798E41A2184D9EC002AE2E8 /* Service.swift */,
			);
			path = Protocol;
			sourceTree = "<group>";
		};
		7798E41D2184E159002AE2E8 /* Fetchers */ = {
			isa = PBXGroup;
			children = (
				7798E41E2184E166002AE2E8 /* PersistanceFetchers */,
				7798E40A2183ECFE002AE2E8 /* NetworkFetchers */,
			);
			path = Fetchers;
			sourceTree = "<group>";
		};
		7798E41E2184E166002AE2E8 /* PersistanceFetchers */ = {
			isa = PBXGroup;
			children = (
				7798E43021861C04002AE2E8 /* TMDBPersistanceConfigurationFetcher.swift */,
				7798E41F2184E32E002AE2E8 /* Protocol */,
			);
			path = PersistanceFetchers;
			sourceTree = "<group>";
		};
		7798E41F2184E32E002AE2E8 /* Protocol */ = {
			isa = PBXGroup;
			children = (
				7798E4202184E364002AE2E8 /* PersistanceFetcher.swift */,
			);
			path = Protocol;
			sourceTree = "<group>";
		};
		7798E4232184E4F1002AE2E8 /* Persistance */ = {
			isa = PBXGroup;
			children = (
				7798E4242184E4FC002AE2E8 /* FilePersistance */,
			);
			path = Persistance;
			sourceTree = "<group>";
		};
		7798E4242184E4FC002AE2E8 /* FilePersistance */ = {
			isa = PBXGroup;
			children = (
				7798E42C2184EA05002AE2E8 /* ModelWrapper */,
				7798E4252184E5A1002AE2E8 /* ModelArchiver.swift */,
				7798E42D2184FB83002AE2E8 /* ModelFileManager.swift */,
			);
			path = FilePersistance;
			sourceTree = "<group>";
		};
		7798E42C2184EA05002AE2E8 /* ModelWrapper */ = {
			isa = PBXGroup;
			children = (
				7798E4292184E9FD002AE2E8 /* ArchivableModelWrapper.swift */,
			);
			path = ModelWrapper;
			sourceTree = "<group>";
		};
		8C8B3A295B37B16E105BA699 /* Pods */ = {
			isa = PBXGroup;
			children = (
				A31D90735369B185B3B1CDAF /* Pods-RappiMovies.debug.xcconfig */,
				3237923B3956AA4A32D53F45 /* Pods-RappiMovies.release.xcconfig */,
			);
			name = Pods;
			sourceTree = "<group>";
		};
		D3146E49341C5212CC3E5F08 /* Frameworks */ = {
			isa = PBXGroup;
			children = (
				9F35711B3A6A5470A00F420E /* Pods_RappiMovies.framework */,
			);
			name = Frameworks;
			sourceTree = "<group>";
		};
/* End PBXGroup section */

/* Begin PBXNativeTarget section */
		7798E3BB21838188002AE2E8 /* RappiMovies */ = {
			isa = PBXNativeTarget;
			buildConfigurationList = 7798E3DC2183818E002AE2E8 /* Build configuration list for PBXNativeTarget "RappiMovies" */;
			buildPhases = (
				E047A6EDFB8CA74108FECB35 /* [CP] Check Pods Manifest.lock */,
				7798E3B821838188002AE2E8 /* Sources */,
				7798E3B921838188002AE2E8 /* Frameworks */,
				7798E3BA21838188002AE2E8 /* Resources */,
			);
			buildRules = (
			);
			dependencies = (
			);
			name = RappiMovies;
			productName = RappiMovies;
			productReference = 7798E3BC21838188002AE2E8 /* RappiMovies.app */;
			productType = "com.apple.product-type.application";
		};
		7798E3D22183818E002AE2E8 /* RappiMoviesTests */ = {
			isa = PBXNativeTarget;
			buildConfigurationList = 7798E3DF2183818E002AE2E8 /* Build configuration list for PBXNativeTarget "RappiMoviesTests" */;
			buildPhases = (
				7798E3CF2183818E002AE2E8 /* Sources */,
				7798E3D02183818E002AE2E8 /* Frameworks */,
				7798E3D12183818E002AE2E8 /* Resources */,
			);
			buildRules = (
			);
			dependencies = (
				7798E3D52183818E002AE2E8 /* PBXTargetDependency */,
			);
			name = RappiMoviesTests;
			productName = RappiMoviesTests;
			productReference = 7798E3D32183818E002AE2E8 /* RappiMoviesTests.xctest */;
			productType = "com.apple.product-type.bundle.unit-test";
		};
/* End PBXNativeTarget section */

/* Begin PBXProject section */
		7798E3B421838188002AE2E8 /* Project object */ = {
			isa = PBXProject;
			attributes = {
				LastSwiftUpdateCheck = 1000;
				LastUpgradeCheck = 1000;
				ORGANIZATIONNAME = Compean;
				TargetAttributes = {
					7798E3BB21838188002AE2E8 = {
						CreatedOnToolsVersion = 10.0;
					};
					7798E3D22183818E002AE2E8 = {
						CreatedOnToolsVersion = 10.0;
						TestTargetID = 7798E3BB21838188002AE2E8;
					};
				};
			};
			buildConfigurationList = 7798E3B721838188002AE2E8 /* Build configuration list for PBXProject "RappiMovies" */;
			compatibilityVersion = "Xcode 9.3";
			developmentRegion = en;
			hasScannedForEncodings = 0;
			knownRegions = (
				en,
				Base,
			);
			mainGroup = 7798E3B321838188002AE2E8;
			productRefGroup = 7798E3BD21838188002AE2E8 /* Products */;
			projectDirPath = "";
			projectRoot = "";
			targets = (
				7798E3BB21838188002AE2E8 /* RappiMovies */,
				7798E3D22183818E002AE2E8 /* RappiMoviesTests */,
			);
		};
/* End PBXProject section */

/* Begin PBXResourcesBuildPhase section */
		7798E3BA21838188002AE2E8 /* Resources */ = {
			isa = PBXResourcesBuildPhase;
			buildActionMask = 2147483647;
			files = (
				7798E3CD2183818E002AE2E8 /* LaunchScreen.storyboard in Resources */,
				7798E3CA2183818E002AE2E8 /* Assets.xcassets in Resources */,
				7798E3C521838189002AE2E8 /* Main.storyboard in Resources */,
			);
			runOnlyForDeploymentPostprocessing = 0;
		};
		7798E3D12183818E002AE2E8 /* Resources */ = {
			isa = PBXResourcesBuildPhase;
			buildActionMask = 2147483647;
			files = (
			);
			runOnlyForDeploymentPostprocessing = 0;
		};
/* End PBXResourcesBuildPhase section */

/* Begin PBXShellScriptBuildPhase section */
		E047A6EDFB8CA74108FECB35 /* [CP] Check Pods Manifest.lock */ = {
			isa = PBXShellScriptBuildPhase;
			buildActionMask = 2147483647;
			files = (
			);
			inputFileListPaths = (
			);
			inputPaths = (
				"${PODS_PODFILE_DIR_PATH}/Podfile.lock",
				"${PODS_ROOT}/Manifest.lock",
			);
			name = "[CP] Check Pods Manifest.lock";
			outputFileListPaths = (
			);
			outputPaths = (
				"$(DERIVED_FILE_DIR)/Pods-RappiMovies-checkManifestLockResult.txt",
			);
			runOnlyForDeploymentPostprocessing = 0;
			shellPath = /bin/sh;
			shellScript = "diff \"${PODS_PODFILE_DIR_PATH}/Podfile.lock\" \"${PODS_ROOT}/Manifest.lock\" > /dev/null\nif [ $? != 0 ] ; then\n    # print error to STDERR\n    echo \"error: The sandbox is not in sync with the Podfile.lock. Run 'pod install' or update your CocoaPods installation.\" >&2\n    exit 1\nfi\n# This output is used by Xcode 'outputs' to avoid re-running this script phase.\necho \"SUCCESS\" > \"${SCRIPT_OUTPUT_FILE_0}\"\n";
			showEnvVarsInLog = 0;
		};
/* End PBXShellScriptBuildPhase section */

/* Begin PBXSourcesBuildPhase section */
		7798E3B821838188002AE2E8 /* Sources */ = {
			isa = PBXSourcesBuildPhase;
			buildActionMask = 2147483647;
			files = (
				7798E3C821838189002AE2E8 /* RappiMovies.xcdatamodeld in Sources */,
				7798E3E72183A2DB002AE2E8 /* TMDBConfiguration.swift in Sources */,
				7798E41B2184D9EC002AE2E8 /* Service.swift in Sources */,
				7798E4102183F0E1002AE2E8 /* NetworkFetcher.swift in Sources */,
				7798E42A2184E9FD002AE2E8 /* ArchivableModelWrapper.swift in Sources */,
				7798E43121861C04002AE2E8 /* TMDBPersistanceConfigurationFetcher.swift in Sources */,
				7798E3FD2183D6D6002AE2E8 /* TMDBURLProviderProtocol.swift in Sources */,
				7798E4212184E364002AE2E8 /* PersistanceFetcher.swift in Sources */,
				7798E4172184D8A1002AE2E8 /* Result.swift in Sources */,
				7798E3C221838188002AE2E8 /* ViewController.swift in Sources */,
				7798E3E421839357002AE2E8 /* MovieAbstract.swift in Sources */,
				7798E3F12183A5F1002AE2E8 /* URLRequestHandler.swift in Sources */,
				7798E4022183D848002AE2E8 /* TMDBURLProvider.swift in Sources */,
				7798E4092183EA35002AE2E8 /* TMDBConfigurationService.swift in Sources */,
				7798E3EE2183A598002AE2E8 /* NetworkClient.swift in Sources */,
				7798E4262184E5A1002AE2E8 /* ModelArchiver.swift in Sources */,
				7798E3C021838188002AE2E8 /* AppDelegate.swift in Sources */,
				7798E40D2183F06C002AE2E8 /* TMDBApiConfigurationFetcher.swift in Sources */,
				7798E42E2184FB83002AE2E8 /* ModelFileManager.swift in Sources */,
				7798E3EC2183A598002AE2E8 /* JSONNetworkClient.swift in Sources */,
			);
			runOnlyForDeploymentPostprocessing = 0;
		};
		7798E3CF2183818E002AE2E8 /* Sources */ = {
			isa = PBXSourcesBuildPhase;
			buildActionMask = 2147483647;
			files = (
				7798E3F22183A5F1002AE2E8 /* URLRequestHandler.swift in Sources */,
				7798E41C2184D9EC002AE2E8 /* Service.swift in Sources */,
				7798E4182184D8A1002AE2E8 /* Result.swift in Sources */,
				7798E4272184E5A1002AE2E8 /* ModelArchiver.swift in Sources */,
				7798E4072183DED3002AE2E8 /* TMDBURLProviderTests.swift in Sources */,
				7798E4222184E364002AE2E8 /* PersistanceFetcher.swift in Sources */,
				7798E3F52183A810002AE2E8 /* JSONNetworkClientTests.swift in Sources */,
				7798E42F2184FB83002AE2E8 /* ModelFileManager.swift in Sources */,
				7798E3E82183A2DB002AE2E8 /* TMDBConfiguration.swift in Sources */,
				7798E3EF2183A598002AE2E8 /* NetworkClient.swift in Sources */,
				7798E4032183D848002AE2E8 /* TMDBURLProvider.swift in Sources */,
				7798E3ED2183A598002AE2E8 /* JSONNetworkClient.swift in Sources */,
				7798E3E521839357002AE2E8 /* MovieAbstract.swift in Sources */,
				7798E3D82183818E002AE2E8 /* RappiMoviesTests.swift in Sources */,
				7798E42B2184E9FD002AE2E8 /* ArchivableModelWrapper.swift in Sources */,
				7798E43221861C04002AE2E8 /* TMDBPersistanceConfigurationFetcher.swift in Sources */,
				7798E3FE2183D6D6002AE2E8 /* TMDBURLProviderProtocol.swift in Sources */,
				7798E3F82183A8E1002AE2E8 /* ConfigurationTestRequestHandler.swift in Sources */,
				7798E3FA2183BE34002AE2E8 /* MovieAbstractTestRequestHandler.swift in Sources */,
			);
			runOnlyForDeploymentPostprocessing = 0;
		};
/* End PBXSourcesBuildPhase section */

/* Begin PBXTargetDependency section */
		7798E3D52183818E002AE2E8 /* PBXTargetDependency */ = {
			isa = PBXTargetDependency;
			target = 7798E3BB21838188002AE2E8 /* RappiMovies */;
			targetProxy = 7798E3D42183818E002AE2E8 /* PBXContainerItemProxy */;
		};
/* End PBXTargetDependency section */

/* Begin PBXVariantGroup section */
		7798E3C321838188002AE2E8 /* Main.storyboard */ = {
			isa = PBXVariantGroup;
			children = (
				7798E3C421838188002AE2E8 /* Base */,
			);
			name = Main.storyboard;
			sourceTree = "<group>";
		};
		7798E3CB2183818E002AE2E8 /* LaunchScreen.storyboard */ = {
			isa = PBXVariantGroup;
			children = (
				7798E3CC2183818E002AE2E8 /* Base */,
			);
			name = LaunchScreen.storyboard;
			sourceTree = "<group>";
		};
/* End PBXVariantGroup section */

/* Begin XCBuildConfiguration section */
		7798E3DA2183818E002AE2E8 /* Debug */ = {
			isa = XCBuildConfiguration;
			buildSettings = {
				ALWAYS_SEARCH_USER_PATHS = NO;
				CLANG_ANALYZER_NONNULL = YES;
				CLANG_ANALYZER_NUMBER_OBJECT_CONVERSION = YES_AGGRESSIVE;
				CLANG_CXX_LANGUAGE_STANDARD = "gnu++14";
				CLANG_CXX_LIBRARY = "libc++";
				CLANG_ENABLE_MODULES = YES;
				CLANG_ENABLE_OBJC_ARC = YES;
				CLANG_ENABLE_OBJC_WEAK = YES;
				CLANG_WARN_BLOCK_CAPTURE_AUTORELEASING = YES;
				CLANG_WARN_BOOL_CONVERSION = YES;
				CLANG_WARN_COMMA = YES;
				CLANG_WARN_CONSTANT_CONVERSION = YES;
				CLANG_WARN_DEPRECATED_OBJC_IMPLEMENTATIONS = YES;
				CLANG_WARN_DIRECT_OBJC_ISA_USAGE = YES_ERROR;
				CLANG_WARN_DOCUMENTATION_COMMENTS = YES;
				CLANG_WARN_EMPTY_BODY = YES;
				CLANG_WARN_ENUM_CONVERSION = YES;
				CLANG_WARN_INFINITE_RECURSION = YES;
				CLANG_WARN_INT_CONVERSION = YES;
				CLANG_WARN_NON_LITERAL_NULL_CONVERSION = YES;
				CLANG_WARN_OBJC_IMPLICIT_RETAIN_SELF = YES;
				CLANG_WARN_OBJC_LITERAL_CONVERSION = YES;
				CLANG_WARN_OBJC_ROOT_CLASS = YES_ERROR;
				CLANG_WARN_RANGE_LOOP_ANALYSIS = YES;
				CLANG_WARN_STRICT_PROTOTYPES = YES;
				CLANG_WARN_SUSPICIOUS_MOVE = YES;
				CLANG_WARN_UNGUARDED_AVAILABILITY = YES_AGGRESSIVE;
				CLANG_WARN_UNREACHABLE_CODE = YES;
				CLANG_WARN__DUPLICATE_METHOD_MATCH = YES;
				CODE_SIGN_IDENTITY = "iPhone Developer";
				COPY_PHASE_STRIP = NO;
				DEBUG_INFORMATION_FORMAT = dwarf;
				ENABLE_STRICT_OBJC_MSGSEND = YES;
				ENABLE_TESTABILITY = YES;
				GCC_C_LANGUAGE_STANDARD = gnu11;
				GCC_DYNAMIC_NO_PIC = NO;
				GCC_NO_COMMON_BLOCKS = YES;
				GCC_OPTIMIZATION_LEVEL = 0;
				GCC_PREPROCESSOR_DEFINITIONS = (
					"DEBUG=1",
					"$(inherited)",
				);
				GCC_WARN_64_TO_32_BIT_CONVERSION = YES;
				GCC_WARN_ABOUT_RETURN_TYPE = YES_ERROR;
				GCC_WARN_UNDECLARED_SELECTOR = YES;
				GCC_WARN_UNINITIALIZED_AUTOS = YES_AGGRESSIVE;
				GCC_WARN_UNUSED_FUNCTION = YES;
				GCC_WARN_UNUSED_VARIABLE = YES;
				IPHONEOS_DEPLOYMENT_TARGET = 12.0;
				MTL_ENABLE_DEBUG_INFO = INCLUDE_SOURCE;
				MTL_FAST_MATH = YES;
				ONLY_ACTIVE_ARCH = YES;
				SDKROOT = iphoneos;
				SWIFT_ACTIVE_COMPILATION_CONDITIONS = DEBUG;
				SWIFT_OPTIMIZATION_LEVEL = "-Onone";
			};
			name = Debug;
		};
		7798E3DB2183818E002AE2E8 /* Release */ = {
			isa = XCBuildConfiguration;
			buildSettings = {
				ALWAYS_SEARCH_USER_PATHS = NO;
				CLANG_ANALYZER_NONNULL = YES;
				CLANG_ANALYZER_NUMBER_OBJECT_CONVERSION = YES_AGGRESSIVE;
				CLANG_CXX_LANGUAGE_STANDARD = "gnu++14";
				CLANG_CXX_LIBRARY = "libc++";
				CLANG_ENABLE_MODULES = YES;
				CLANG_ENABLE_OBJC_ARC = YES;
				CLANG_ENABLE_OBJC_WEAK = YES;
				CLANG_WARN_BLOCK_CAPTURE_AUTORELEASING = YES;
				CLANG_WARN_BOOL_CONVERSION = YES;
				CLANG_WARN_COMMA = YES;
				CLANG_WARN_CONSTANT_CONVERSION = YES;
				CLANG_WARN_DEPRECATED_OBJC_IMPLEMENTATIONS = YES;
				CLANG_WARN_DIRECT_OBJC_ISA_USAGE = YES_ERROR;
				CLANG_WARN_DOCUMENTATION_COMMENTS = YES;
				CLANG_WARN_EMPTY_BODY = YES;
				CLANG_WARN_ENUM_CONVERSION = YES;
				CLANG_WARN_INFINITE_RECURSION = YES;
				CLANG_WARN_INT_CONVERSION = YES;
				CLANG_WARN_NON_LITERAL_NULL_CONVERSION = YES;
				CLANG_WARN_OBJC_IMPLICIT_RETAIN_SELF = YES;
				CLANG_WARN_OBJC_LITERAL_CONVERSION = YES;
				CLANG_WARN_OBJC_ROOT_CLASS = YES_ERROR;
				CLANG_WARN_RANGE_LOOP_ANALYSIS = YES;
				CLANG_WARN_STRICT_PROTOTYPES = YES;
				CLANG_WARN_SUSPICIOUS_MOVE = YES;
				CLANG_WARN_UNGUARDED_AVAILABILITY = YES_AGGRESSIVE;
				CLANG_WARN_UNREACHABLE_CODE = YES;
				CLANG_WARN__DUPLICATE_METHOD_MATCH = YES;
				CODE_SIGN_IDENTITY = "iPhone Developer";
				COPY_PHASE_STRIP = NO;
				DEBUG_INFORMATION_FORMAT = "dwarf-with-dsym";
				ENABLE_NS_ASSERTIONS = NO;
				ENABLE_STRICT_OBJC_MSGSEND = YES;
				GCC_C_LANGUAGE_STANDARD = gnu11;
				GCC_NO_COMMON_BLOCKS = YES;
				GCC_WARN_64_TO_32_BIT_CONVERSION = YES;
				GCC_WARN_ABOUT_RETURN_TYPE = YES_ERROR;
				GCC_WARN_UNDECLARED_SELECTOR = YES;
				GCC_WARN_UNINITIALIZED_AUTOS = YES_AGGRESSIVE;
				GCC_WARN_UNUSED_FUNCTION = YES;
				GCC_WARN_UNUSED_VARIABLE = YES;
				IPHONEOS_DEPLOYMENT_TARGET = 12.0;
				MTL_ENABLE_DEBUG_INFO = NO;
				MTL_FAST_MATH = YES;
				SDKROOT = iphoneos;
				SWIFT_COMPILATION_MODE = wholemodule;
				SWIFT_OPTIMIZATION_LEVEL = "-O";
				VALIDATE_PRODUCT = YES;
			};
			name = Release;
		};
		7798E3DD2183818E002AE2E8 /* Debug */ = {
			isa = XCBuildConfiguration;
			baseConfigurationReference = A31D90735369B185B3B1CDAF /* Pods-RappiMovies.debug.xcconfig */;
			buildSettings = {
				ASSETCATALOG_COMPILER_APPICON_NAME = AppIcon;
				CODE_SIGN_STYLE = Automatic;
				DEVELOPMENT_TEAM = J3QG57AY26;
				INFOPLIST_FILE = RappiMovies/Info.plist;
				LD_RUNPATH_SEARCH_PATHS = (
					"$(inherited)",
					"@executable_path/Frameworks",
				);
				PRODUCT_BUNDLE_IDENTIFIER = com.compean.RappiMovies;
				PRODUCT_NAME = "$(TARGET_NAME)";
				SWIFT_VERSION = 4.2;
				TARGETED_DEVICE_FAMILY = "1,2";
			};
			name = Debug;
		};
		7798E3DE2183818E002AE2E8 /* Release */ = {
			isa = XCBuildConfiguration;
			baseConfigurationReference = 3237923B3956AA4A32D53F45 /* Pods-RappiMovies.release.xcconfig */;
			buildSettings = {
				ASSETCATALOG_COMPILER_APPICON_NAME = AppIcon;
				CODE_SIGN_STYLE = Automatic;
				DEVELOPMENT_TEAM = J3QG57AY26;
				INFOPLIST_FILE = RappiMovies/Info.plist;
				LD_RUNPATH_SEARCH_PATHS = (
					"$(inherited)",
					"@executable_path/Frameworks",
				);
				PRODUCT_BUNDLE_IDENTIFIER = com.compean.RappiMovies;
				PRODUCT_NAME = "$(TARGET_NAME)";
				SWIFT_VERSION = 4.2;
				TARGETED_DEVICE_FAMILY = "1,2";
			};
			name = Release;
		};
		7798E3E02183818E002AE2E8 /* Debug */ = {
			isa = XCBuildConfiguration;
			buildSettings = {
				ALWAYS_EMBED_SWIFT_STANDARD_LIBRARIES = YES;
				BUNDLE_LOADER = "$(TEST_HOST)";
				CODE_SIGN_STYLE = Automatic;
				INFOPLIST_FILE = RappiMoviesTests/Info.plist;
				LD_RUNPATH_SEARCH_PATHS = (
					"$(inherited)",
					"@executable_path/Frameworks",
					"@loader_path/Frameworks",
				);
				PRODUCT_BUNDLE_IDENTIFIER = com.compean.RappiMoviesTests;
				PRODUCT_NAME = "$(TARGET_NAME)";
				SWIFT_VERSION = 4.2;
				TARGETED_DEVICE_FAMILY = "1,2";
				TEST_HOST = "$(BUILT_PRODUCTS_DIR)/RappiMovies.app/RappiMovies";
			};
			name = Debug;
		};
		7798E3E12183818E002AE2E8 /* Release */ = {
			isa = XCBuildConfiguration;
			buildSettings = {
				ALWAYS_EMBED_SWIFT_STANDARD_LIBRARIES = YES;
				BUNDLE_LOADER = "$(TEST_HOST)";
				CODE_SIGN_STYLE = Automatic;
				INFOPLIST_FILE = RappiMoviesTests/Info.plist;
				LD_RUNPATH_SEARCH_PATHS = (
					"$(inherited)",
					"@executable_path/Frameworks",
					"@loader_path/Frameworks",
				);
				PRODUCT_BUNDLE_IDENTIFIER = com.compean.RappiMoviesTests;
				PRODUCT_NAME = "$(TARGET_NAME)";
				SWIFT_VERSION = 4.2;
				TARGETED_DEVICE_FAMILY = "1,2";
				TEST_HOST = "$(BUILT_PRODUCTS_DIR)/RappiMovies.app/RappiMovies";
			};
			name = Release;
		};
/* End XCBuildConfiguration section */

/* Begin XCConfigurationList section */
		7798E3B721838188002AE2E8 /* Build configuration list for PBXProject "RappiMovies" */ = {
			isa = XCConfigurationList;
			buildConfigurations = (
				7798E3DA2183818E002AE2E8 /* Debug */,
				7798E3DB2183818E002AE2E8 /* Release */,
			);
			defaultConfigurationIsVisible = 0;
			defaultConfigurationName = Release;
		};
		7798E3DC2183818E002AE2E8 /* Build configuration list for PBXNativeTarget "RappiMovies" */ = {
			isa = XCConfigurationList;
			buildConfigurations = (
				7798E3DD2183818E002AE2E8 /* Debug */,
				7798E3DE2183818E002AE2E8 /* Release */,
			);
			defaultConfigurationIsVisible = 0;
			defaultConfigurationName = Release;
		};
		7798E3DF2183818E002AE2E8 /* Build configuration list for PBXNativeTarget "RappiMoviesTests" */ = {
			isa = XCConfigurationList;
			buildConfigurations = (
				7798E3E02183818E002AE2E8 /* Debug */,
				7798E3E12183818E002AE2E8 /* Release */,
			);
			defaultConfigurationIsVisible = 0;
			defaultConfigurationName = Release;
		};
/* End XCConfigurationList section */

/* Begin XCVersionGroup section */
		7798E3C621838189002AE2E8 /* RappiMovies.xcdatamodeld */ = {
			isa = XCVersionGroup;
			children = (
				7798E3C721838189002AE2E8 /* RappiMovies.xcdatamodel */,
			);
			currentVersion = 7798E3C721838189002AE2E8 /* RappiMovies.xcdatamodel */;
			path = RappiMovies.xcdatamodeld;
			sourceTree = "<group>";
			versionGroupType = wrapper.xcdatamodel;
		};
/* End XCVersionGroup section */
	};
	rootObject = 7798E3B421838188002AE2E8 /* Project object */;
}
